// !$*UTF8*$!
{
	archiveVersion = 1;
	classes = {
	};
	objectVersion = 48;
	objects = {

/* Begin PBXBuildFile section */
		1EF035781FE12F6400360D8E /* AppDelegate.swift in Sources */ = {isa = PBXBuildFile; fileRef = 1EF035771FE12F6400360D8E /* AppDelegate.swift */; };
		1EF0357A1FE12F6400360D8E /* CategoriesViewController.swift in Sources */ = {isa = PBXBuildFile; fileRef = 1EF035791FE12F6400360D8E /* CategoriesViewController.swift */; };
		1EF0357D1FE12F6400360D8E /* Main.storyboard in Resources */ = {isa = PBXBuildFile; fileRef = 1EF0357B1FE12F6400360D8E /* Main.storyboard */; };
		1EF0357F1FE12F6400360D8E /* Assets.xcassets in Resources */ = {isa = PBXBuildFile; fileRef = 1EF0357E1FE12F6400360D8E /* Assets.xcassets */; };
		1EF035821FE12F6400360D8E /* LaunchScreen.storyboard in Resources */ = {isa = PBXBuildFile; fileRef = 1EF035801FE12F6400360D8E /* LaunchScreen.storyboard */; };
		1EF0358E1FE1331300360D8E /* CategoryCell.swift in Sources */ = {isa = PBXBuildFile; fileRef = 1EF0358D1FE1331300360D8E /* CategoryCell.swift */; };
		1EF035901FE135CE00360D8E /* DataService.swift in Sources */ = {isa = PBXBuildFile; fileRef = 1EF0358F1FE135CE00360D8E /* DataService.swift */; };
		1EF035921FE1362100360D8E /* Category.swift in Sources */ = {isa = PBXBuildFile; fileRef = 1EF035911FE1362100360D8E /* Category.swift */; };
/* End PBXBuildFile section */

/* Begin PBXFileReference section */
		1EF035741FE12F6400360D8E /* Apps.app */ = {isa = PBXFileReference; explicitFileType = wrapper.application; includeInIndex = 0; path = Apps.app; sourceTree = BUILT_PRODUCTS_DIR; };
		1EF035771FE12F6400360D8E /* AppDelegate.swift */ = {isa = PBXFileReference; lastKnownFileType = sourcecode.swift; path = AppDelegate.swift; sourceTree = "<group>"; };
		1EF035791FE12F6400360D8E /* CategoriesViewController.swift */ = {isa = PBXFileReference; lastKnownFileType = sourcecode.swift; path = CategoriesViewController.swift; sourceTree = "<group>"; };
		1EF0357C1FE12F6400360D8E /* Base */ = {isa = PBXFileReference; lastKnownFileType = file.storyboard; name = Base; path = Base.lproj/Main.storyboard; sourceTree = "<group>"; };
		1EF0357E1FE12F6400360D8E /* Assets.xcassets */ = {isa = PBXFileReference; lastKnownFileType = folder.assetcatalog; path = Assets.xcassets; sourceTree = "<group>"; };
		1EF035811FE12F6400360D8E /* Base */ = {isa = PBXFileReference; lastKnownFileType = file.storyboard; name = Base; path = Base.lproj/LaunchScreen.storyboard; sourceTree = "<group>"; };
		1EF035831FE12F6400360D8E /* Info.plist */ = {isa = PBXFileReference; lastKnownFileType = text.plist.xml; path = Info.plist; sourceTree = "<group>"; };
		1EF0358D1FE1331300360D8E /* CategoryCell.swift */ = {isa = PBXFileReference; lastKnownFileType = sourcecode.swift; path = CategoryCell.swift; sourceTree = "<group>"; };
		1EF0358F1FE135CE00360D8E /* DataService.swift */ = {isa = PBXFileReference; lastKnownFileType = sourcecode.swift; path = DataService.swift; sourceTree = "<group>"; };
		1EF035911FE1362100360D8E /* Category.swift */ = {isa = PBXFileReference; lastKnownFileType = sourcecode.swift; path = Category.swift; sourceTree = "<group>"; };
/* End PBXFileReference section */

/* Begin PBXFrameworksBuildPhase section */
		1EF035711FE12F6400360D8E /* Frameworks */ = {
			isa = PBXFrameworksBuildPhase;
			buildActionMask = 2147483647;
			files = (
			);
			runOnlyForDeploymentPostprocessing = 0;
		};
/* End PBXFrameworksBuildPhase section */

/* Begin PBXGroup section */
		1EF0356B1FE12F6400360D8E = {
			isa = PBXGroup;
			children = (
				1EF035761FE12F6400360D8E /* Apps */,
				1EF035751FE12F6400360D8E /* Products */,
			);
			sourceTree = "<group>";
		};
		1EF035751FE12F6400360D8E /* Products */ = {
			isa = PBXGroup;
			children = (
				1EF035741FE12F6400360D8E /* Apps.app */,
			);
			name = Products;
			sourceTree = "<group>";
		};
		1EF035761FE12F6400360D8E /* Apps */ = {
			isa = PBXGroup;
			children = (
				1EF0358C1FE1326100360D8E /* Service */,
				1EF0358B1FE1325B00360D8E /* Model */,
				1EF0358A1FE1325100360D8E /* View */,
				1EF035891FE1324A00360D8E /* Controller */,
				1EF035771FE12F6400360D8E /* AppDelegate.swift */,
				1EF0357B1FE12F6400360D8E /* Main.storyboard */,
				1EF0357E1FE12F6400360D8E /* Assets.xcassets */,
				1EF035801FE12F6400360D8E /* LaunchScreen.storyboard */,
				1EF035831FE12F6400360D8E /* Info.plist */,
			);
			path = Apps;
			sourceTree = "<group>";
		};
		1EF035891FE1324A00360D8E /* Controller */ = {
			isa = PBXGroup;
			children = (
				1EF035791FE12F6400360D8E /* CategoriesViewController.swift */,
			);
			path = Controller;
			sourceTree = "<group>";
		};
		1EF0358A1FE1325100360D8E /* View */ = {
			isa = PBXGroup;
			children = (
				1EF0358D1FE1331300360D8E /* CategoryCell.swift */,
			);
			path = View;
			sourceTree = "<group>";
		};
		1EF0358B1FE1325B00360D8E /* Model */ = {
			isa = PBXGroup;
			children = (
				1EF035911FE1362100360D8E /* Category.swift */,
			);
			path = Model;
			sourceTree = "<group>";
		};
		1EF0358C1FE1326100360D8E /* Service */ = {
			isa = PBXGroup;
			children = (
				1EF0358F1FE135CE00360D8E /* DataService.swift */,
			);
			path = Service;
			sourceTree = "<group>";
		};
/* End PBXGroup section */

/* Begin PBXNativeTarget section */
		1EF035731FE12F6400360D8E /* Apps */ = {
			isa = PBXNativeTarget;
			buildConfigurationList = 1EF035861FE12F6400360D8E /* Build configuration list for PBXNativeTarget "Apps" */;
			buildPhases = (
				1EF035701FE12F6400360D8E /* Sources */,
				1EF035711FE12F6400360D8E /* Frameworks */,
				1EF035721FE12F6400360D8E /* Resources */,
			);
			buildRules = (
			);
			dependencies = (
			);
			name = Apps;
			productName = Apps;
			productReference = 1EF035741FE12F6400360D8E /* Apps.app */;
			productType = "com.apple.product-type.application";
		};
/* End PBXNativeTarget section */

/* Begin PBXProject section */
		1EF0356C1FE12F6400360D8E /* Project object */ = {
			isa = PBXProject;
			attributes = {
				LastSwiftUpdateCheck = 0920;
				LastUpgradeCheck = 0920;
				ORGANIZATIONNAME = "Murari Varma";
				TargetAttributes = {
					1EF035731FE12F6400360D8E = {
						CreatedOnToolsVersion = 9.2;
						ProvisioningStyle = Automatic;
					};
				};
			};
			buildConfigurationList = 1EF0356F1FE12F6400360D8E /* Build configuration list for PBXProject "Apps" */;
			compatibilityVersion = "Xcode 8.0";
			developmentRegion = en;
			hasScannedForEncodings = 0;
			knownRegions = (
				en,
				Base,
			);
			mainGroup = 1EF0356B1FE12F6400360D8E;
			productRefGroup = 1EF035751FE12F6400360D8E /* Products */;
			projectDirPath = "";
			projectRoot = "";
			targets = (
				1EF035731FE12F6400360D8E /* Apps */,
			);
		};
/* End PBXProject section */

/* Begin PBXResourcesBuildPhase section */
		1EF035721FE12F6400360D8E /* Resources */ = {
			isa = PBXResourcesBuildPhase;
			buildActionMask = 2147483647;
			files = (
				1EF035821FE12F6400360D8E /* LaunchScreen.storyboard in Resources */,
				1EF0357F1FE12F6400360D8E /* Assets.xcassets in Resources */,
				1EF0357D1FE12F6400360D8E /* Main.storyboard in Resources */,
			);
			runOnlyForDeploymentPostprocessing = 0;
		};
/* End PBXResourcesBuildPhase section */

/* Begin PBXSourcesBuildPhase section */
		1EF035701FE12F6400360D8E /* Sources */ = {
			isa = PBXSourcesBuildPhase;
			buildActionMask = 2147483647;
			files = (
				1EF0357A1FE12F6400360D8E /* CategoriesViewController.swift in Sources */,
				1EF035921FE1362100360D8E /* Category.swift in Sources */,
				1EF035781FE12F6400360D8E /* AppDelegate.swift in Sources */,
				1EF0358E1FE1331300360D8E /* CategoryCell.swift in Sources */,
				1EF035901FE135CE00360D8E /* DataService.swift in Sources */,
			);
			runOnlyForDeploymentPostprocessing = 0;
		};
/* End PBXSourcesBuildPhase section */

/* Begin PBXVariantGroup section */
		1EF0357B1FE12F6400360D8E /* Main.storyboard */ = {
			isa = PBXVariantGroup;
			children = (
				1EF0357C1FE12F6400360D8E /* Base */,
			);
			name = Main.storyboard;
			sourceTree = "<group>";
		};
		1EF035801FE12F6400360D8E /* LaunchScreen.storyboard */ = {
			isa = PBXVariantGroup;
			children = (
				1EF035811FE12F6400360D8E /* Base */,
			);
			name = LaunchScreen.storyboard;
			sourceTree = "<group>";
		};
/* End PBXVariantGroup section */

/* Begin XCBuildConfiguration section */
		1EF035841FE12F6400360D8E /* Debug */ = {
			isa = XCBuildConfiguration;
			buildSettings = {
				ALWAYS_SEARCH_USER_PATHS = NO;
				CLANG_ANALYZER_NONNULL = YES;
				CLANG_ANALYZER_NUMBER_OBJECT_CONVERSION = YES_AGGRESSIVE;
				CLANG_CXX_LANGUAGE_STANDARD = "gnu++14";
				CLANG_CXX_LIBRARY = "libc++";
				CLANG_ENABLE_MODULES = YES;
				CLANG_ENABLE_OBJC_ARC = YES;
				CLANG_WARN_BLOCK_CAPTURE_AUTORELEASING = YES;
				CLANG_WARN_BOOL_CONVERSION = YES;
				CLANG_WARN_COMMA = YES;
				CLANG_WARN_CONSTANT_CONVERSION = YES;
				CLANG_WARN_DIRECT_OBJC_ISA_USAGE = YES_ERROR;
				CLANG_WARN_DOCUMENTATION_COMMENTS = YES;
				CLANG_WARN_EMPTY_BODY = YES;
				CLANG_WARN_ENUM_CONVERSION = YES;
				CLANG_WARN_INFINITE_RECURSION = YES;
				CLANG_WARN_INT_CONVERSION = YES;
				CLANG_WARN_NON_LITERAL_NULL_CONVERSION = YES;
				CLANG_WARN_OBJC_LITERAL_CONVERSION = YES;
				CLANG_WARN_OBJC_ROOT_CLASS = YES_ERROR;
				CLANG_WARN_RANGE_LOOP_ANALYSIS = YES;
				CLANG_WARN_STRICT_PROTOTYPES = YES;
				CLANG_WARN_SUSPICIOUS_MOVE = YES;
				CLANG_WARN_UNGUARDED_AVAILABILITY = YES_AGGRESSIVE;
				CLANG_WARN_UNREACHABLE_CODE = YES;
				CLANG_WARN__DUPLICATE_METHOD_MATCH = YES;
				CODE_SIGN_IDENTITY = "iPhone Developer";
				COPY_PHASE_STRIP = NO;
				DEBUG_INFORMATION_FORMAT = dwarf;
				ENABLE_STRICT_OBJC_MSGSEND = YES;
				ENABLE_TESTABILITY = YES;
				GCC_C_LANGUAGE_STANDARD = gnu11;
				GCC_DYNAMIC_NO_PIC = NO;
				GCC_NO_COMMON_BLOCKS = YES;
				GCC_OPTIMIZATION_LEVEL = 0;
				GCC_PREPROCESSOR_DEFINITIONS = (
					"DEBUG=1",
					"$(inherited)",
				);
				GCC_WARN_64_TO_32_BIT_CONVERSION = YES;
				GCC_WARN_ABOUT_RETURN_TYPE = YES_ERROR;
				GCC_WARN_UNDECLARED_SELECTOR = YES;
				GCC_WARN_UNINITIALIZED_AUTOS = YES_AGGRESSIVE;
				GCC_WARN_UNUSED_FUNCTION = YES;
				GCC_WARN_UNUSED_VARIABLE = YES;
				IPHONEOS_DEPLOYMENT_TARGET = 11.2;
				MTL_ENABLE_DEBUG_INFO = YES;
				ONLY_ACTIVE_ARCH = YES;
				SDKROOT = iphoneos;
				SWIFT_ACTIVE_COMPILATION_CONDITIONS = DEBUG;
				SWIFT_OPTIMIZATION_LEVEL = "-Onone";
			};
			name = Debug;
		};
		1EF035851FE12F6400360D8E /* Release */ = {
			isa = XCBuildConfiguration;
			buildSettings = {
				ALWAYS_SEARCH_USER_PATHS = NO;
				CLANG_ANALYZER_NONNULL = YES;
				CLANG_ANALYZER_NUMBER_OBJECT_CONVERSION = YES_AGGRESSIVE;
				CLANG_CXX_LANGUAGE_STANDARD = "gnu++14";
				CLANG_CXX_LIBRARY = "libc++";
				CLANG_ENABLE_MODULES = YES;
				CLANG_ENABLE_OBJC_ARC = YES;
				CLANG_WARN_BLOCK_CAPTURE_AUTORELEASING = YES;
				CLANG_WARN_BOOL_CONVERSION = YES;
				CLANG_WARN_COMMA = YES;
				CLANG_WARN_CONSTANT_CONVERSION = YES;
				CLANG_WARN_DIRECT_OBJC_ISA_USAGE = YES_ERROR;
				CLANG_WARN_DOCUMENTATION_COMMENTS = YES;
				CLANG_WARN_EMPTY_BODY = YES;
				CLANG_WARN_ENUM_CONVERSION = YES;
				CLANG_WARN_INFINITE_RECURSION = YES;
				CLANG_WARN_INT_CONVERSION = YES;
				CLANG_WARN_NON_LITERAL_NULL_CONVERSION = YES;
				CLANG_WARN_OBJC_LITERAL_CONVERSION = YES;
				CLANG_WARN_OBJC_ROOT_CLASS = YES_ERROR;
				CLANG_WARN_RANGE_LOOP_ANALYSIS = YES;
				CLANG_WARN_STRICT_PROTOTYPES = YES;
				CLANG_WARN_SUSPICIOUS_MOVE = YES;
				CLANG_WARN_UNGUARDED_AVAILABILITY = YES_AGGRESSIVE;
				CLANG_WARN_UNREACHABLE_CODE = YES;
				CLANG_WARN__DUPLICATE_METHOD_MATCH = YES;
				CODE_SIGN_IDENTITY = "iPhone Developer";
				COPY_PHASE_STRIP = NO;
				DEBUG_INFORMATION_FORMAT = "dwarf-with-dsym";
				ENABLE_NS_ASSERTIONS = NO;
				ENABLE_STRICT_OBJC_MSGSEND = YES;
				GCC_C_LANGUAGE_STANDARD = gnu11;
				GCC_NO_COMMON_BLOCKS = YES;
				GCC_WARN_64_TO_32_BIT_CONVERSION = YES;
				GCC_WARN_ABOUT_RETURN_TYPE = YES_ERROR;
				GCC_WARN_UNDECLARED_SELECTOR = YES;
				GCC_WARN_UNINITIALIZED_AUTOS = YES_AGGRESSIVE;
				GCC_WARN_UNUSED_FUNCTION = YES;
				GCC_WARN_UNUSED_VARIABLE = YES;
				IPHONEOS_DEPLOYMENT_TARGET = 11.2;
				MTL_ENABLE_DEBUG_INFO = NO;
				SDKROOT = iphoneos;
				SWIFT_OPTIMIZATION_LEVEL = "-Owholemodule";
				VALIDATE_PRODUCT = YES;
			};
			name = Release;
		};
		1EF035871FE12F6400360D8E /* Debug */ = {
			isa = XCBuildConfiguration;
			buildSettings = {
				ASSETCATALOG_COMPILER_APPICON_NAME = AppIcon;
				CODE_SIGN_STYLE = Automatic;
				INFOPLIST_FILE = Apps/Info.plist;
				LD_RUNPATH_SEARCH_PATHS = "$(inherited) @executable_path/Frameworks";
				PRODUCT_BUNDLE_IDENTIFIER = com.murarivarma.Apps;
				PRODUCT_NAME = "$(TARGET_NAME)";
				SWIFT_VERSION = 4.0;
				TARGETED_DEVICE_FAMILY = "1,2";
			};
			name = Debug;
		};
		1EF035881FE12F6400360D8E /* Release */ = {
			isa = XCBuildConfiguration;
			buildSettings = {
				ASSETCATALOG_COMPILER_APPICON_NAME = AppIcon;
				CODE_SIGN_STYLE = Automatic;
				INFOPLIST_FILE = Apps/Info.plist;
				LD_RUNPATH_SEARCH_PATHS = "$(inherited) @executable_path/Frameworks";
				PRODUCT_BUNDLE_IDENTIFIER = com.murarivarma.Apps;
				PRODUCT_NAME = "$(TARGET_NAME)";
				SWIFT_VERSION = 4.0;
				TARGETED_DEVICE_FAMILY = "1,2";
			};
			name = Release;
		};
/* End XCBuildConfiguration section */

/* Begin XCConfigurationList section */
		1EF0356F1FE12F6400360D8E /* Build configuration list for PBXProject "Apps" */ = {
			isa = XCConfigurationList;
			buildConfigurations = (
				1EF035841FE12F6400360D8E /* Debug */,
				1EF035851FE12F6400360D8E /* Release */,
			);
			defaultConfigurationIsVisible = 0;
			defaultConfigurationName = Release;
		};
		1EF035861FE12F6400360D8E /* Build configuration list for PBXNativeTarget "Apps" */ = {
			isa = XCConfigurationList;
			buildConfigurations = (
				1EF035871FE12F6400360D8E /* Debug */,
				1EF035881FE12F6400360D8E /* Release */,
			);
			defaultConfigurationIsVisible = 0;
			defaultConfigurationName = Release;
		};
/* End XCConfigurationList section */
	};
	rootObject = 1EF0356C1FE12F6400360D8E /* Project object */;
}
